
Microsoft Visual Studio Solution File, Format Version 12.00
# Visual Studio 15
VisualStudioVersion = 15.0.27428.2027
MinimumVisualStudioVersion = 10.0.40219.1
Project("{FAE04EC0-301F-11D3-BF4B-00C04F79EFBC}") = "WebApplicationTeste", "WebApplicationTeste\WebApplicationTeste.csproj", "{B1DE3A58-160B-4187-A763-3A6E2E313F44}"
EndProject
Project("{FAE04EC0-301F-11D3-BF4B-00C04F79EFBC}") = "CamadaDAL", "CamadaDAL\CamadaDAL.csproj", "{0D175CCE-3E0F-4D3A-AF4A-52412EF0A2BF}"
EndProject
Project("{FAE04EC0-301F-11D3-BF4B-00C04F79EFBC}") = "CamadaModel", "CamadaModel\CamadaModel.csproj", "{37D9E882-D696-4DD9-9B90-A68D29F97464}"
EndProject
Global
	GlobalSection(SolutionConfigurationPlatforms) = preSolution
		Debug|Any CPU = Debug|Any CPU
		Release|Any CPU = Release|Any CPU
	EndGlobalSection
	GlobalSection(ProjectConfigurationPlatforms) = postSolution
		{B1DE3A58-160B-4187-A763-3A6E2E313F44}.Debug|Any CPU.ActiveCfg = Debug|Any CPU
		{B1DE3A58-160B-4187-A763-3A6E2E313F44}.Debug|Any CPU.Build.0 = Debug|Any CPU
		{B1DE3A58-160B-4187-A763-3A6E2E313F44}.Release|Any CPU.ActiveCfg = Release|Any CPU
		{B1DE3A58-160B-4187-A763-3A6E2E313F44}.Release|Any CPU.Build.0 = Release|Any CPU
		{0D175CCE-3E0F-4D3A-AF4A-52412EF0A2BF}.Debug|Any CPU.ActiveCfg = Debug|Any CPU
		{0D175CCE-3E0F-4D3A-AF4A-52412EF0A2BF}.Debug|Any CPU.Build.0 = Debug|Any CPU
		{0D175CCE-3E0F-4D3A-AF4A-52412EF0A2BF}.Release|Any CPU.ActiveCfg = Release|Any CPU
		{0D175CCE-3E0F-4D3A-AF4A-52412EF0A2BF}.Release|Any CPU.Build.0 = Release|Any CPU
		{37D9E882-D696-4DD9-9B90-A68D29F97464}.Debug|Any CPU.ActiveCfg = Debug|Any CPU
		{37D9E882-D696-4DD9-9B90-A68D29F97464}.Debug|Any CPU.Build.0 = Debug|Any CPU
		{37D9E882-D696-4DD9-9B90-A68D29F97464}.Release|Any CPU.ActiveCfg = Release|Any CPU
		{37D9E882-D696-4DD9-9B90-A68D29F97464}.Release|Any CPU.Build.0 = Release|Any CPU
	EndGlobalSection
	GlobalSection(SolutionProperties) = preSolution
		HideSolutionNode = FALSE
	EndGlobalSection
	GlobalSection(ExtensibilityGlobals) = postSolution
		SolutionGuid = {154B496A-9936-4899-972C-00BBB565336F}
	EndGlobalSection
EndGlobal
